
Microsoft Visual Studio Solution File, Format Version 12.00
# Visual Studio Version 16
VisualStudioVersion = 16.0.30204.135
MinimumVisualStudioVersion = 10.0.40219.1
Project("{FAE04EC0-301F-11D3-BF4B-00C04F79EFBC}") = "NetCoreStockChart", "NetCoreStockChart\NetCoreStockChart.csproj", "{811E66B3-93BF-442A-A3C5-D3FD47000273}"
EndProject
Global
	GlobalSection(SolutionConfigurationPlatforms) = preSolution
		Debug|Any CPU = Debug|Any CPU
		Release|Any CPU = Release|Any CPU
	EndGlobalSection
	GlobalSection(ProjectConfigurationPlatforms) = postSolution
		{811E66B3-93BF-442A-A3C5-D3FD47000273}.Debug|Any CPU.ActiveCfg = Debug|Any CPU
		{811E66B3-93BF-442A-A3C5-D3FD47000273}.Debug|Any CPU.Build.0 = Debug|Any CPU
		{811E66B3-93BF-442A-A3C5-D3FD47000273}.Release|Any CPU.ActiveCfg = Release|Any CPU
		{811E66B3-93BF-442A-A3C5-D3FD47000273}.Release|Any CPU.Build.0 = Release|Any CPU
	EndGlobalSection
	GlobalSection(SolutionProperties) = preSolution
		HideSolutionNode = FALSE
	EndGlobalSection
	GlobalSection(ExtensibilityGlobals) = postSolution
		SolutionGuid = {3D4E0139-FFF8-4153-BCA0-43594D3486DF}
	EndGlobalSection
EndGlobal
